// !$*UTF8*$!
{
	archiveVersion = 1;
	classes = {
	};
	objectVersion = 50;
	objects = {

/* Begin PBXBuildFile section */
		A962A08523F753BE006DF115 /* News.swift in Sources */ = {isa = PBXBuildFile; fileRef = A962A08423F753BD006DF115 /* News.swift */; };
		A962A08723F753DC006DF115 /* AppState.swift in Sources */ = {isa = PBXBuildFile; fileRef = A962A08623F753DC006DF115 /* AppState.swift */; };
		A962A08923F753F7006DF115 /* NewsState.swift in Sources */ = {isa = PBXBuildFile; fileRef = A962A08823F753F7006DF115 /* NewsState.swift */; };
		A962A08B23F75410006DF115 /* MockNews.swift in Sources */ = {isa = PBXBuildFile; fileRef = A962A08A23F75410006DF115 /* MockNews.swift */; };
		A962A08E23F75569006DF115 /* LoadingView.swift in Sources */ = {isa = PBXBuildFile; fileRef = A962A08D23F75569006DF115 /* LoadingView.swift */; };
		A962A09023F75643006DF115 /* ErrorView.swift in Sources */ = {isa = PBXBuildFile; fileRef = A962A08F23F75643006DF115 /* ErrorView.swift */; };
		A962A09223F75814006DF115 /* MainViewModel.swift in Sources */ = {isa = PBXBuildFile; fileRef = A962A09123F75814006DF115 /* MainViewModel.swift */; };
		A962A09523F80516006DF115 /* NewsCard.swift in Sources */ = {isa = PBXBuildFile; fileRef = A962A09423F80516006DF115 /* NewsCard.swift */; };
		A962A09723F80522006DF115 /* NewsList.swift in Sources */ = {isa = PBXBuildFile; fileRef = A962A09623F80522006DF115 /* NewsList.swift */; };
		A9D28A2623F4B6AA001FC435 /* AppDelegate.swift in Sources */ = {isa = PBXBuildFile; fileRef = A9D28A2523F4B6AA001FC435 /* AppDelegate.swift */; };
		A9D28A2823F4B6AA001FC435 /* SceneDelegate.swift in Sources */ = {isa = PBXBuildFile; fileRef = A9D28A2723F4B6AA001FC435 /* SceneDelegate.swift */; };
		A9D28A2A23F4B6AA001FC435 /* MainView.swift in Sources */ = {isa = PBXBuildFile; fileRef = A9D28A2923F4B6AA001FC435 /* MainView.swift */; };
		A9D28A2C23F4B6AC001FC435 /* Assets.xcassets in Resources */ = {isa = PBXBuildFile; fileRef = A9D28A2B23F4B6AC001FC435 /* Assets.xcassets */; };
		A9D28A2F23F4B6AC001FC435 /* Preview Assets.xcassets in Resources */ = {isa = PBXBuildFile; fileRef = A9D28A2E23F4B6AC001FC435 /* Preview Assets.xcassets */; };
		A9D28A3223F4B6AC001FC435 /* LaunchScreen.storyboard in Resources */ = {isa = PBXBuildFile; fileRef = A9D28A3023F4B6AC001FC435 /* LaunchScreen.storyboard */; };
/* End PBXBuildFile section */

/* Begin PBXFileReference section */
		A962A08423F753BD006DF115 /* News.swift */ = {isa = PBXFileReference; lastKnownFileType = sourcecode.swift; path = News.swift; sourceTree = "<group>"; };
		A962A08623F753DC006DF115 /* AppState.swift */ = {isa = PBXFileReference; lastKnownFileType = sourcecode.swift; path = AppState.swift; sourceTree = "<group>"; };
		A962A08823F753F7006DF115 /* NewsState.swift */ = {isa = PBXFileReference; lastKnownFileType = sourcecode.swift; path = NewsState.swift; sourceTree = "<group>"; };
		A962A08A23F75410006DF115 /* MockNews.swift */ = {isa = PBXFileReference; lastKnownFileType = sourcecode.swift; path = MockNews.swift; sourceTree = "<group>"; };
		A962A08D23F75569006DF115 /* LoadingView.swift */ = {isa = PBXFileReference; lastKnownFileType = sourcecode.swift; path = LoadingView.swift; sourceTree = "<group>"; };
		A962A08F23F75643006DF115 /* ErrorView.swift */ = {isa = PBXFileReference; lastKnownFileType = sourcecode.swift; path = ErrorView.swift; sourceTree = "<group>"; };
		A962A09123F75814006DF115 /* MainViewModel.swift */ = {isa = PBXFileReference; lastKnownFileType = sourcecode.swift; path = MainViewModel.swift; sourceTree = "<group>"; };
		A962A09423F80516006DF115 /* NewsCard.swift */ = {isa = PBXFileReference; lastKnownFileType = sourcecode.swift; path = NewsCard.swift; sourceTree = "<group>"; };
		A962A09623F80522006DF115 /* NewsList.swift */ = {isa = PBXFileReference; lastKnownFileType = sourcecode.swift; path = NewsList.swift; sourceTree = "<group>"; };
		A9D28A2223F4B6AA001FC435 /* Declarative iOs HN.app */ = {isa = PBXFileReference; explicitFileType = wrapper.application; includeInIndex = 0; path = "Declarative iOs HN.app"; sourceTree = BUILT_PRODUCTS_DIR; };
		A9D28A2523F4B6AA001FC435 /* AppDelegate.swift */ = {isa = PBXFileReference; lastKnownFileType = sourcecode.swift; path = AppDelegate.swift; sourceTree = "<group>"; };
		A9D28A2723F4B6AA001FC435 /* SceneDelegate.swift */ = {isa = PBXFileReference; lastKnownFileType = sourcecode.swift; path = SceneDelegate.swift; sourceTree = "<group>"; };
		A9D28A2923F4B6AA001FC435 /* MainView.swift */ = {isa = PBXFileReference; lastKnownFileType = sourcecode.swift; path = MainView.swift; sourceTree = "<group>"; };
		A9D28A2B23F4B6AC001FC435 /* Assets.xcassets */ = {isa = PBXFileReference; lastKnownFileType = folder.assetcatalog; path = Assets.xcassets; sourceTree = "<group>"; };
		A9D28A2E23F4B6AC001FC435 /* Preview Assets.xcassets */ = {isa = PBXFileReference; lastKnownFileType = folder.assetcatalog; path = "Preview Assets.xcassets"; sourceTree = "<group>"; };
		A9D28A3123F4B6AC001FC435 /* Base */ = {isa = PBXFileReference; lastKnownFileType = file.storyboard; name = Base; path = Base.lproj/LaunchScreen.storyboard; sourceTree = "<group>"; };
		A9D28A3323F4B6AC001FC435 /* Info.plist */ = {isa = PBXFileReference; lastKnownFileType = text.plist.xml; path = Info.plist; sourceTree = "<group>"; };
/* End PBXFileReference section */

/* Begin PBXFrameworksBuildPhase section */
		A9D28A1F23F4B6AA001FC435 /* Frameworks */ = {
			isa = PBXFrameworksBuildPhase;
			buildActionMask = 2147483647;
			files = (
			);
			runOnlyForDeploymentPostprocessing = 0;
		};
/* End PBXFrameworksBuildPhase section */

/* Begin PBXGroup section */
		A962A08223F75392006DF115 /* data */ = {
			isa = PBXGroup;
			children = (
				A962A08323F753B3006DF115 /* model */,
				A962A08A23F75410006DF115 /* MockNews.swift */,
			);
			path = data;
			sourceTree = "<group>";
		};
		A962A08323F753B3006DF115 /* model */ = {
			isa = PBXGroup;
			children = (
				A962A08423F753BD006DF115 /* News.swift */,
				A962A08623F753DC006DF115 /* AppState.swift */,
				A962A08823F753F7006DF115 /* NewsState.swift */,
			);
			path = model;
			sourceTree = "<group>";
		};
		A962A08C23F75549006DF115 /* ui */ = {
			isa = PBXGroup;
			children = (
				A962A09323F75AFF006DF115 /* components */,
				A962A09123F75814006DF115 /* MainViewModel.swift */,
				A9D28A2923F4B6AA001FC435 /* MainView.swift */,
			);
			path = ui;
			sourceTree = "<group>";
		};
		A962A09323F75AFF006DF115 /* components */ = {
			isa = PBXGroup;
			children = (
				A962A08D23F75569006DF115 /* LoadingView.swift */,
				A962A08F23F75643006DF115 /* ErrorView.swift */,
				A962A09423F80516006DF115 /* NewsCard.swift */,
				A962A09623F80522006DF115 /* NewsList.swift */,
			);
			path = components;
			sourceTree = "<group>";
		};
		A9D28A1923F4B6AA001FC435 = {
			isa = PBXGroup;
			children = (
				A9D28A2423F4B6AA001FC435 /* Declarative iOs HN */,
				A9D28A2323F4B6AA001FC435 /* Products */,
			);
			sourceTree = "<group>";
		};
		A9D28A2323F4B6AA001FC435 /* Products */ = {
			isa = PBXGroup;
			children = (
				A9D28A2223F4B6AA001FC435 /* Declarative iOs HN.app */,
			);
			name = Products;
			sourceTree = "<group>";
		};
		A9D28A2423F4B6AA001FC435 /* Declarative iOs HN */ = {
			isa = PBXGroup;
			children = (
				A962A08C23F75549006DF115 /* ui */,
				A962A08223F75392006DF115 /* data */,
				A9D28A2523F4B6AA001FC435 /* AppDelegate.swift */,
				A9D28A2723F4B6AA001FC435 /* SceneDelegate.swift */,
				A9D28A2B23F4B6AC001FC435 /* Assets.xcassets */,
				A9D28A3023F4B6AC001FC435 /* LaunchScreen.storyboard */,
				A9D28A3323F4B6AC001FC435 /* Info.plist */,
				A9D28A2D23F4B6AC001FC435 /* Preview Content */,
			);
			path = "Declarative iOs HN";
			sourceTree = "<group>";
		};
		A9D28A2D23F4B6AC001FC435 /* Preview Content */ = {
			isa = PBXGroup;
			children = (
				A9D28A2E23F4B6AC001FC435 /* Preview Assets.xcassets */,
			);
			path = "Preview Content";
			sourceTree = "<group>";
		};
/* End PBXGroup section */

/* Begin PBXNativeTarget section */
		A9D28A2123F4B6AA001FC435 /* Declarative iOs HN */ = {
			isa = PBXNativeTarget;
			buildConfigurationList = A9D28A3623F4B6AC001FC435 /* Build configuration list for PBXNativeTarget "Declarative iOs HN" */;
			buildPhases = (
				A9D28A1E23F4B6AA001FC435 /* Sources */,
				A9D28A1F23F4B6AA001FC435 /* Frameworks */,
				A9D28A2023F4B6AA001FC435 /* Resources */,
			);
			buildRules = (
			);
			dependencies = (
			);
			name = "Declarative iOs HN";
			productName = "Declarative iOs HN";
			productReference = A9D28A2223F4B6AA001FC435 /* Declarative iOs HN.app */;
			productType = "com.apple.product-type.application";
		};
/* End PBXNativeTarget section */

/* Begin PBXProject section */
		A9D28A1A23F4B6AA001FC435 /* Project object */ = {
			isa = PBXProject;
			attributes = {
				LastSwiftUpdateCheck = 1130;
				LastUpgradeCheck = 1130;
				ORGANIZATIONNAME = "Marco Gomiero";
				TargetAttributes = {
					A9D28A2123F4B6AA001FC435 = {
						CreatedOnToolsVersion = 11.3.1;
					};
				};
			};
			buildConfigurationList = A9D28A1D23F4B6AA001FC435 /* Build configuration list for PBXProject "Declarative iOs HN" */;
			compatibilityVersion = "Xcode 9.3";
			developmentRegion = en;
			hasScannedForEncodings = 0;
			knownRegions = (
				en,
				Base,
			);
			mainGroup = A9D28A1923F4B6AA001FC435;
			productRefGroup = A9D28A2323F4B6AA001FC435 /* Products */;
			projectDirPath = "";
			projectRoot = "";
			targets = (
				A9D28A2123F4B6AA001FC435 /* Declarative iOs HN */,
			);
		};
/* End PBXProject section */

/* Begin PBXResourcesBuildPhase section */
		A9D28A2023F4B6AA001FC435 /* Resources */ = {
			isa = PBXResourcesBuildPhase;
			buildActionMask = 2147483647;
			files = (
				A9D28A3223F4B6AC001FC435 /* LaunchScreen.storyboard in Resources */,
				A9D28A2F23F4B6AC001FC435 /* Preview Assets.xcassets in Resources */,
				A9D28A2C23F4B6AC001FC435 /* Assets.xcassets in Resources */,
			);
			runOnlyForDeploymentPostprocessing = 0;
		};
/* End PBXResourcesBuildPhase section */

/* Begin PBXSourcesBuildPhase section */
		A9D28A1E23F4B6AA001FC435 /* Sources */ = {
			isa = PBXSourcesBuildPhase;
			buildActionMask = 2147483647;
			files = (
				A962A08B23F75410006DF115 /* MockNews.swift in Sources */,
				A9D28A2623F4B6AA001FC435 /* AppDelegate.swift in Sources */,
				A962A08723F753DC006DF115 /* AppState.swift in Sources */,
				A962A08923F753F7006DF115 /* NewsState.swift in Sources */,
				A9D28A2823F4B6AA001FC435 /* SceneDelegate.swift in Sources */,
				A962A09223F75814006DF115 /* MainViewModel.swift in Sources */,
				A962A09723F80522006DF115 /* NewsList.swift in Sources */,
				A962A09523F80516006DF115 /* NewsCard.swift in Sources */,
				A962A08E23F75569006DF115 /* LoadingView.swift in Sources */,
				A962A08523F753BE006DF115 /* News.swift in Sources */,
				A962A09023F75643006DF115 /* ErrorView.swift in Sources */,
				A9D28A2A23F4B6AA001FC435 /* MainView.swift in Sources */,
			);
			runOnlyForDeploymentPostprocessing = 0;
		};
/* End PBXSourcesBuildPhase section */

/* Begin PBXVariantGroup section */
		A9D28A3023F4B6AC001FC435 /* LaunchScreen.storyboard */ = {
			isa = PBXVariantGroup;
			children = (
				A9D28A3123F4B6AC001FC435 /* Base */,
			);
			name = LaunchScreen.storyboard;
			sourceTree = "<group>";
		};
/* End PBXVariantGroup section */

/* Begin XCBuildConfiguration section */
		A9D28A3423F4B6AC001FC435 /* Debug */ = {
			isa = XCBuildConfiguration;
			buildSettings = {
				ALWAYS_SEARCH_USER_PATHS = NO;
				CLANG_ANALYZER_NONNULL = YES;
				CLANG_ANALYZER_NUMBER_OBJECT_CONVERSION = YES_AGGRESSIVE;
				CLANG_CXX_LANGUAGE_STANDARD = "gnu++14";
				CLANG_CXX_LIBRARY = "libc++";
				CLANG_ENABLE_MODULES = YES;
				CLANG_ENABLE_OBJC_ARC = YES;
				CLANG_ENABLE_OBJC_WEAK = YES;
				CLANG_WARN_BLOCK_CAPTURE_AUTORELEASING = YES;
				CLANG_WARN_BOOL_CONVERSION = YES;
				CLANG_WARN_COMMA = YES;
				CLANG_WARN_CONSTANT_CONVERSION = YES;
				CLANG_WARN_DEPRECATED_OBJC_IMPLEMENTATIONS = YES;
				CLANG_WARN_DIRECT_OBJC_ISA_USAGE = YES_ERROR;
				CLANG_WARN_DOCUMENTATION_COMMENTS = YES;
				CLANG_WARN_EMPTY_BODY = YES;
				CLANG_WARN_ENUM_CONVERSION = YES;
				CLANG_WARN_INFINITE_RECURSION = YES;
				CLANG_WARN_INT_CONVERSION = YES;
				CLANG_WARN_NON_LITERAL_NULL_CONVERSION = YES;
				CLANG_WARN_OBJC_IMPLICIT_RETAIN_SELF = YES;
				CLANG_WARN_OBJC_LITERAL_CONVERSION = YES;
				CLANG_WARN_OBJC_ROOT_CLASS = YES_ERROR;
				CLANG_WARN_RANGE_LOOP_ANALYSIS = YES;
				CLANG_WARN_STRICT_PROTOTYPES = YES;
				CLANG_WARN_SUSPICIOUS_MOVE = YES;
				CLANG_WARN_UNGUARDED_AVAILABILITY = YES_AGGRESSIVE;
				CLANG_WARN_UNREACHABLE_CODE = YES;
				CLANG_WARN__DUPLICATE_METHOD_MATCH = YES;
				COPY_PHASE_STRIP = NO;
				DEBUG_INFORMATION_FORMAT = dwarf;
				ENABLE_STRICT_OBJC_MSGSEND = YES;
				ENABLE_TESTABILITY = YES;
				GCC_C_LANGUAGE_STANDARD = gnu11;
				GCC_DYNAMIC_NO_PIC = NO;
				GCC_NO_COMMON_BLOCKS = YES;
				GCC_OPTIMIZATION_LEVEL = 0;
				GCC_PREPROCESSOR_DEFINITIONS = (
					"DEBUG=1",
					"$(inherited)",
				);
				GCC_WARN_64_TO_32_BIT_CONVERSION = YES;
				GCC_WARN_ABOUT_RETURN_TYPE = YES_ERROR;
				GCC_WARN_UNDECLARED_SELECTOR = YES;
				GCC_WARN_UNINITIALIZED_AUTOS = YES_AGGRESSIVE;
				GCC_WARN_UNUSED_FUNCTION = YES;
				GCC_WARN_UNUSED_VARIABLE = YES;
				IPHONEOS_DEPLOYMENT_TARGET = 13.2;
				MTL_ENABLE_DEBUG_INFO = INCLUDE_SOURCE;
				MTL_FAST_MATH = YES;
				ONLY_ACTIVE_ARCH = YES;
				SDKROOT = iphoneos;
				SWIFT_ACTIVE_COMPILATION_CONDITIONS = DEBUG;
				SWIFT_OPTIMIZATION_LEVEL = "-Onone";
			};
			name = Debug;
		};
		A9D28A3523F4B6AC001FC435 /* Release */ = {
			isa = XCBuildConfiguration;
			buildSettings = {
				ALWAYS_SEARCH_USER_PATHS = NO;
				CLANG_ANALYZER_NONNULL = YES;
				CLANG_ANALYZER_NUMBER_OBJECT_CONVERSION = YES_AGGRESSIVE;
				CLANG_CXX_LANGUAGE_STANDARD = "gnu++14";
				CLANG_CXX_LIBRARY = "libc++";
				CLANG_ENABLE_MODULES = YES;
				CLANG_ENABLE_OBJC_ARC = YES;
				CLANG_ENABLE_OBJC_WEAK = YES;
				CLANG_WARN_BLOCK_CAPTURE_AUTORELEASING = YES;
				CLANG_WARN_BOOL_CONVERSION = YES;
				CLANG_WARN_COMMA = YES;
				CLANG_WARN_CONSTANT_CONVERSION = YES;
				CLANG_WARN_DEPRECATED_OBJC_IMPLEMENTATIONS = YES;
				CLANG_WARN_DIRECT_OBJC_ISA_USAGE = YES_ERROR;
				CLANG_WARN_DOCUMENTATION_COMMENTS = YES;
				CLANG_WARN_EMPTY_BODY = YES;
				CLANG_WARN_ENUM_CONVERSION = YES;
				CLANG_WARN_INFINITE_RECURSION = YES;
				CLANG_WARN_INT_CONVERSION = YES;
				CLANG_WARN_NON_LITERAL_NULL_CONVERSION = YES;
				CLANG_WARN_OBJC_IMPLICIT_RETAIN_SELF = YES;
				CLANG_WARN_OBJC_LITERAL_CONVERSION = YES;
				CLANG_WARN_OBJC_ROOT_CLASS = YES_ERROR;
				CLANG_WARN_RANGE_LOOP_ANALYSIS = YES;
				CLANG_WARN_STRICT_PROTOTYPES = YES;
				CLANG_WARN_SUSPICIOUS_MOVE = YES;
				CLANG_WARN_UNGUARDED_AVAILABILITY = YES_AGGRESSIVE;
				CLANG_WARN_UNREACHABLE_CODE = YES;
				CLANG_WARN__DUPLICATE_METHOD_MATCH = YES;
				COPY_PHASE_STRIP = NO;
				DEBUG_INFORMATION_FORMAT = "dwarf-with-dsym";
				ENABLE_NS_ASSERTIONS = NO;
				ENABLE_STRICT_OBJC_MSGSEND = YES;
				GCC_C_LANGUAGE_STANDARD = gnu11;
				GCC_NO_COMMON_BLOCKS = YES;
				GCC_WARN_64_TO_32_BIT_CONVERSION = YES;
				GCC_WARN_ABOUT_RETURN_TYPE = YES_ERROR;
				GCC_WARN_UNDECLARED_SELECTOR = YES;
				GCC_WARN_UNINITIALIZED_AUTOS = YES_AGGRESSIVE;
				GCC_WARN_UNUSED_FUNCTION = YES;
				GCC_WARN_UNUSED_VARIABLE = YES;
				IPHONEOS_DEPLOYMENT_TARGET = 13.2;
				MTL_ENABLE_DEBUG_INFO = NO;
				MTL_FAST_MATH = YES;
				SDKROOT = iphoneos;
				SWIFT_COMPILATION_MODE = wholemodule;
				SWIFT_OPTIMIZATION_LEVEL = "-O";
				VALIDATE_PRODUCT = YES;
			};
			name = Release;
		};
		A9D28A3723F4B6AC001FC435 /* Debug */ = {
			isa = XCBuildConfiguration;
			buildSettings = {
				ASSETCATALOG_COMPILER_APPICON_NAME = AppIcon;
				CODE_SIGN_STYLE = Automatic;
				DEVELOPMENT_ASSET_PATHS = "\"Declarative iOs HN/Preview Content\"";
				DEVELOPMENT_TEAM = 2LS7B6UW98;
				ENABLE_PREVIEWS = YES;
				INFOPLIST_FILE = "Declarative iOs HN/Info.plist";
				LD_RUNPATH_SEARCH_PATHS = (
					"$(inherited)",
					"@executable_path/Frameworks",
				);
				PRODUCT_BUNDLE_IDENTIFIER = "com.prof18.Declarative-iOs-HN";
				PRODUCT_NAME = "$(TARGET_NAME)";
				SWIFT_VERSION = 5.0;
				TARGETED_DEVICE_FAMILY = "1,2";
			};
			name = Debug;
		};
		A9D28A3823F4B6AC001FC435 /* Release */ = {
			isa = XCBuildConfiguration;
			buildSettings = {
				ASSETCATALOG_COMPILER_APPICON_NAME = AppIcon;
				CODE_SIGN_STYLE = Automatic;
				DEVELOPMENT_ASSET_PATHS = "\"Declarative iOs HN/Preview Content\"";
				DEVELOPMENT_TEAM = 2LS7B6UW98;
				ENABLE_PREVIEWS = YES;
				INFOPLIST_FILE = "Declarative iOs HN/Info.plist";
				LD_RUNPATH_SEARCH_PATHS = (
					"$(inherited)",
					"@executable_path/Frameworks",
				);
				PRODUCT_BUNDLE_IDENTIFIER = "com.prof18.Declarative-iOs-HN";
				PRODUCT_NAME = "$(TARGET_NAME)";
				SWIFT_VERSION = 5.0;
				TARGETED_DEVICE_FAMILY = "1,2";
			};
			name = Release;
		};
/* End XCBuildConfiguration section */

/* Begin XCConfigurationList section */
		A9D28A1D23F4B6AA001FC435 /* Build configuration list for PBXProject "Declarative iOs HN" */ = {
			isa = XCConfigurationList;
			buildConfigurations = (
				A9D28A3423F4B6AC001FC435 /* Debug */,
				A9D28A3523F4B6AC001FC435 /* Release */,
			);
			defaultConfigurationIsVisible = 0;
			defaultConfigurationName = Release;
		};
		A9D28A3623F4B6AC001FC435 /* Build configuration list for PBXNativeTarget "Declarative iOs HN" */ = {
			isa = XCConfigurationList;
			buildConfigurations = (
				A9D28A3723F4B6AC001FC435 /* Debug */,
				A9D28A3823F4B6AC001FC435 /* Release */,
			);
			defaultConfigurationIsVisible = 0;
			defaultConfigurationName = Release;
		};
/* End XCConfigurationList section */
	};
	rootObject = A9D28A1A23F4B6AA001FC435 /* Project object */;
}
